// !$*UTF8*$!
{
	archiveVersion = 1;
	classes = {
	};
	objectVersion = 46;
	objects = {

/* Begin PBXBuildFile section */
		E21DDD421EE2DFFE00B31B93 /* main.cpp in Sources */ = {isa = PBXBuildFile; fileRef = E21DDD411EE2DFFE00B31B93 /* main.cpp */; };
/* End PBXBuildFile section */

/* Begin PBXCopyFilesBuildPhase section */
		E21DDD3C1EE2DFFE00B31B93 /* CopyFiles */ = {
			isa = PBXCopyFilesBuildPhase;
			buildActionMask = 2147483647;
			dstPath = /usr/share/man/man1/;
			dstSubfolderSpec = 0;
			files = (
			);
			runOnlyForDeploymentPostprocessing = 1;
		};
/* End PBXCopyFilesBuildPhase section */

/* Begin PBXFileReference section */
		E21DDD3E1EE2DFFE00B31B93 /* sams_number_matrix_exp */ = {isa = PBXFileReference; explicitFileType = "compiled.mach-o.executable"; includeInIndex = 0; path = sams_number_matrix_exp; sourceTree = BUILT_PRODUCTS_DIR; };
		E21DDD411EE2DFFE00B31B93 /* main.cpp */ = {isa = PBXFileReference; lastKnownFileType = sourcecode.cpp.cpp; path = main.cpp; sourceTree = "<group>"; };
/* End PBXFileReference section */

/* Begin PBXFrameworksBuildPhase section */
		E21DDD3B1EE2DFFE00B31B93 /* Frameworks */ = {
			isa = PBXFrameworksBuildPhase;
			buildActionMask = 2147483647;
			files = (
			);
			runOnlyForDeploymentPostprocessing = 0;
		};
/* End PBXFrameworksBuildPhase section */

/* Begin PBXGroup section */
		E21DDD351EE2DFFE00B31B93 = {
			isa = PBXGroup;
			children = (
				E21DDD401EE2DFFE00B31B93 /* sams_number_matrix_exp */,
				E21DDD3F1EE2DFFE00B31B93 /* Products */,
			);
			sourceTree = "<group>";
		};
		E21DDD3F1EE2DFFE00B31B93 /* Products */ = {
			isa = PBXGroup;
			children = (
				E21DDD3E1EE2DFFE00B31B93 /* sams_number_matrix_exp */,
			);
			name = Products;
			sourceTree = "<group>";
		};
		E21DDD401EE2DFFE00B31B93 /* sams_number_matrix_exp */ = {
			isa = PBXGroup;
			children = (
				E21DDD411EE2DFFE00B31B93 /* main.cpp */,
			);
			path = sams_number_matrix_exp;
			sourceTree = "<group>";
		};
/* End PBXGroup section */

/* Begin PBXNativeTarget section */
		E21DDD3D1EE2DFFE00B31B93 /* sams_number_matrix_exp */ = {
			isa = PBXNativeTarget;
			buildConfigurationList = E21DDD451EE2DFFE00B31B93 /* Build configuration list for PBXNativeTarget "sams_number_matrix_exp" */;
			buildPhases = (
				E21DDD3A1EE2DFFE00B31B93 /* Sources */,
				E21DDD3B1EE2DFFE00B31B93 /* Frameworks */,
				E21DDD3C1EE2DFFE00B31B93 /* CopyFiles */,
			);
			buildRules = (
			);
			dependencies = (
			);
			name = sams_number_matrix_exp;
			productName = sams_number_matrix_exp;
			productReference = E21DDD3E1EE2DFFE00B31B93 /* sams_number_matrix_exp */;
			productType = "com.apple.product-type.tool";
		};
/* End PBXNativeTarget section */

/* Begin PBXProject section */
		E21DDD361EE2DFFE00B31B93 /* Project object */ = {
			isa = PBXProject;
			attributes = {
				LastUpgradeCheck = 0710;
				ORGANIZATIONNAME = "Michał Warchalski";
				TargetAttributes = {
					E21DDD3D1EE2DFFE00B31B93 = {
						CreatedOnToolsVersion = 7.1.1;
					};
				};
			};
			buildConfigurationList = E21DDD391EE2DFFE00B31B93 /* Build configuration list for PBXProject "sams_number_matrix_exp" */;
			compatibilityVersion = "Xcode 3.2";
			developmentRegion = English;
			hasScannedForEncodings = 0;
			knownRegions = (
				en,
			);
			mainGroup = E21DDD351EE2DFFE00B31B93;
			productRefGroup = E21DDD3F1EE2DFFE00B31B93 /* Products */;
			projectDirPath = "";
			projectRoot = "";
			targets = (
				E21DDD3D1EE2DFFE00B31B93 /* sams_number_matrix_exp */,
			);
		};
/* End PBXProject section */

/* Begin PBXSourcesBuildPhase section */
		E21DDD3A1EE2DFFE00B31B93 /* Sources */ = {
			isa = PBXSourcesBuildPhase;
			buildActionMask = 2147483647;
			files = (
				E21DDD421EE2DFFE00B31B93 /* main.cpp in Sources */,
			);
			runOnlyForDeploymentPostprocessing = 0;
		};
/* End PBXSourcesBuildPhase section */

/* Begin XCBuildConfiguration section */
		E21DDD431EE2DFFE00B31B93 /* Debug */ = {
			isa = XCBuildConfiguration;
			buildSettings = {
				ALWAYS_SEARCH_USER_PATHS = NO;
				CLANG_CXX_LANGUAGE_STANDARD = "gnu++0x";
				CLANG_CXX_LIBRARY = "libc++";
				CLANG_ENABLE_MODULES = YES;
				CLANG_ENABLE_OBJC_ARC = YES;
				CLANG_WARN_BOOL_CONVERSION = YES;
				CLANG_WARN_CONSTANT_CONVERSION = YES;
				CLANG_WARN_DIRECT_OBJC_ISA_USAGE = YES_ERROR;
				CLANG_WARN_EMPTY_BODY = YES;
				CLANG_WARN_ENUM_CONVERSION = YES;
				CLANG_WARN_INT_CONVERSION = YES;
				CLANG_WARN_OBJC_ROOT_CLASS = YES_ERROR;
				CLANG_WARN_UNREACHABLE_CODE = YES;
				CLANG_WARN__DUPLICATE_METHOD_MATCH = YES;
				CODE_SIGN_IDENTITY = "-";
				COPY_PHASE_STRIP = NO;
				DEBUG_INFORMATION_FORMAT = dwarf;
				ENABLE_STRICT_OBJC_MSGSEND = YES;
				ENABLE_TESTABILITY = YES;
				GCC_C_LANGUAGE_STANDARD = gnu99;
				GCC_DYNAMIC_NO_PIC = NO;
				GCC_NO_COMMON_BLOCKS = YES;
				GCC_OPTIMIZATION_LEVEL = 0;
				GCC_PREPROCESSOR_DEFINITIONS = (
					"DEBUG=1",
					"$(inherited)",
				);
				GCC_WARN_64_TO_32_BIT_CONVERSION = YES;
				GCC_WARN_ABOUT_RETURN_TYPE = YES_ERROR;
				GCC_WARN_UNDECLARED_SELECTOR = YES;
				GCC_WARN_UNINITIALIZED_AUTOS = YES_AGGRESSIVE;
				GCC_WARN_UNUSED_FUNCTION = YES;
				GCC_WARN_UNUSED_VARIABLE = YES;
				MACOSX_DEPLOYMENT_TARGET = 10.11;
				MTL_ENABLE_DEBUG_INFO = YES;
				ONLY_ACTIVE_ARCH = YES;
				SDKROOT = macosx;
			};
			name = Debug;
		};
		E21DDD441EE2DFFE00B31B93 /* Release */ = {
			isa = XCBuildConfiguration;
			buildSettings = {
				ALWAYS_SEARCH_USER_PATHS = NO;
				CLANG_CXX_LANGUAGE_STANDARD = "gnu++0x";
				CLANG_CXX_LIBRARY = "libc++";
				CLANG_ENABLE_MODULES = YES;
				CLANG_ENABLE_OBJC_ARC = YES;
				CLANG_WARN_BOOL_CONVERSION = YES;
				CLANG_WARN_CONSTANT_CONVERSION = YES;
				CLANG_WARN_DIRECT_OBJC_ISA_USAGE = YES_ERROR;
				CLANG_WARN_EMPTY_BODY = YES;
				CLANG_WARN_ENUM_CONVERSION = YES;
				CLANG_WARN_INT_CONVERSION = YES;
				CLANG_WARN_OBJC_ROOT_CLASS = YES_ERROR;
				CLANG_WARN_UNREACHABLE_CODE = YES;
				CLANG_WARN__DUPLICATE_METHOD_MATCH = YES;
				CODE_SIGN_IDENTITY = "-";
				COPY_PHASE_STRIP = NO;
				DEBUG_INFORMATION_FORMAT = "dwarf-with-dsym";
				ENABLE_NS_ASSERTIONS = NO;
				ENABLE_STRICT_OBJC_MSGSEND = YES;
				GCC_C_LANGUAGE_STANDARD = gnu99;
				GCC_NO_COMMON_BLOCKS = YES;
				GCC_WARN_64_TO_32_BIT_CONVERSION = YES;
				GCC_WARN_ABOUT_RETURN_TYPE = YES_ERROR;
				GCC_WARN_UNDECLARED_SELECTOR = YES;
				GCC_WARN_UNINITIALIZED_AUTOS = YES_AGGRESSIVE;
				GCC_WARN_UNUSED_FUNCTION = YES;
				GCC_WARN_UNUSED_VARIABLE = YES;
				MACOSX_DEPLOYMENT_TARGET = 10.11;
				MTL_ENABLE_DEBUG_INFO = NO;
				SDKROOT = macosx;
			};
			name = Release;
		};
		E21DDD461EE2DFFE00B31B93 /* Debug */ = {
			isa = XCBuildConfiguration;
			buildSettings = {
				PRODUCT_NAME = "$(TARGET_NAME)";
			};
			name = Debug;
		};
		E21DDD471EE2DFFE00B31B93 /* Release */ = {
			isa = XCBuildConfiguration;
			buildSettings = {
				PRODUCT_NAME = "$(TARGET_NAME)";
			};
			name = Release;
		};
/* End XCBuildConfiguration section */

/* Begin XCConfigurationList section */
		E21DDD391EE2DFFE00B31B93 /* Build configuration list for PBXProject "sams_number_matrix_exp" */ = {
			isa = XCConfigurationList;
			buildConfigurations = (
				E21DDD431EE2DFFE00B31B93 /* Debug */,
				E21DDD441EE2DFFE00B31B93 /* Release */,
			);
			defaultConfigurationIsVisible = 0;
			defaultConfigurationName = Release;
		};
		E21DDD451EE2DFFE00B31B93 /* Build configuration list for PBXNativeTarget "sams_number_matrix_exp" */ = {
			isa = XCConfigurationList;
			buildConfigurations = (
				E21DDD461EE2DFFE00B31B93 /* Debug */,
				E21DDD471EE2DFFE00B31B93 /* Release */,
			);
			defaultConfigurationIsVisible = 0;
		};
/* End XCConfigurationList section */
	};
	rootObject = E21DDD361EE2DFFE00B31B93 /* Project object */;
}
