// !$*UTF8*$!
{
	archiveVersion = 1;
	classes = {
	};
	objectVersion = 46;
	objects = {

/* Begin PBXBuildFile section */
		E2E7B7E01E9317B4003AF0FF /* main.cpp in Sources */ = {isa = PBXBuildFile; fileRef = E2E7B7DF1E9317B4003AF0FF /* main.cpp */; };
/* End PBXBuildFile section */

/* Begin PBXCopyFilesBuildPhase section */
		E2E7B7DA1E9317B4003AF0FF /* CopyFiles */ = {
			isa = PBXCopyFilesBuildPhase;
			buildActionMask = 2147483647;
			dstPath = /usr/share/man/man1/;
			dstSubfolderSpec = 0;
			files = (
			);
			runOnlyForDeploymentPostprocessing = 1;
		};
/* End PBXCopyFilesBuildPhase section */

/* Begin PBXFileReference section */
		E2E7B7DC1E9317B4003AF0FF /* kruskal_mst */ = {isa = PBXFileReference; explicitFileType = "compiled.mach-o.executable"; includeInIndex = 0; path = kruskal_mst; sourceTree = BUILT_PRODUCTS_DIR; };
		E2E7B7DF1E9317B4003AF0FF /* main.cpp */ = {isa = PBXFileReference; lastKnownFileType = sourcecode.cpp.cpp; path = main.cpp; sourceTree = "<group>"; };
/* End PBXFileReference section */

/* Begin PBXFrameworksBuildPhase section */
		E2E7B7D91E9317B4003AF0FF /* Frameworks */ = {
			isa = PBXFrameworksBuildPhase;
			buildActionMask = 2147483647;
			files = (
			);
			runOnlyForDeploymentPostprocessing = 0;
		};
/* End PBXFrameworksBuildPhase section */

/* Begin PBXGroup section */
		E2E7B7D31E9317B4003AF0FF = {
			isa = PBXGroup;
			children = (
				E2E7B7DE1E9317B4003AF0FF /* kruskal_mst */,
				E2E7B7DD1E9317B4003AF0FF /* Products */,
			);
			sourceTree = "<group>";
		};
		E2E7B7DD1E9317B4003AF0FF /* Products */ = {
			isa = PBXGroup;
			children = (
				E2E7B7DC1E9317B4003AF0FF /* kruskal_mst */,
			);
			name = Products;
			sourceTree = "<group>";
		};
		E2E7B7DE1E9317B4003AF0FF /* kruskal_mst */ = {
			isa = PBXGroup;
			children = (
				E2E7B7DF1E9317B4003AF0FF /* main.cpp */,
			);
			path = kruskal_mst;
			sourceTree = "<group>";
		};
/* End PBXGroup section */

/* Begin PBXNativeTarget section */
		E2E7B7DB1E9317B4003AF0FF /* kruskal_mst */ = {
			isa = PBXNativeTarget;
			buildConfigurationList = E2E7B7E31E9317B4003AF0FF /* Build configuration list for PBXNativeTarget "kruskal_mst" */;
			buildPhases = (
				E2E7B7D81E9317B4003AF0FF /* Sources */,
				E2E7B7D91E9317B4003AF0FF /* Frameworks */,
				E2E7B7DA1E9317B4003AF0FF /* CopyFiles */,
			);
			buildRules = (
			);
			dependencies = (
			);
			name = kruskal_mst;
			productName = kruskal_mst;
			productReference = E2E7B7DC1E9317B4003AF0FF /* kruskal_mst */;
			productType = "com.apple.product-type.tool";
		};
/* End PBXNativeTarget section */

/* Begin PBXProject section */
		E2E7B7D41E9317B4003AF0FF /* Project object */ = {
			isa = PBXProject;
			attributes = {
				LastUpgradeCheck = 0710;
				ORGANIZATIONNAME = "Michał Warchalski";
				TargetAttributes = {
					E2E7B7DB1E9317B4003AF0FF = {
						CreatedOnToolsVersion = 7.1.1;
					};
				};
			};
			buildConfigurationList = E2E7B7D71E9317B4003AF0FF /* Build configuration list for PBXProject "kruskal_mst" */;
			compatibilityVersion = "Xcode 3.2";
			developmentRegion = English;
			hasScannedForEncodings = 0;
			knownRegions = (
				en,
			);
			mainGroup = E2E7B7D31E9317B4003AF0FF;
			productRefGroup = E2E7B7DD1E9317B4003AF0FF /* Products */;
			projectDirPath = "";
			projectRoot = "";
			targets = (
				E2E7B7DB1E9317B4003AF0FF /* kruskal_mst */,
			);
		};
/* End PBXProject section */

/* Begin PBXSourcesBuildPhase section */
		E2E7B7D81E9317B4003AF0FF /* Sources */ = {
			isa = PBXSourcesBuildPhase;
			buildActionMask = 2147483647;
			files = (
				E2E7B7E01E9317B4003AF0FF /* main.cpp in Sources */,
			);
			runOnlyForDeploymentPostprocessing = 0;
		};
/* End PBXSourcesBuildPhase section */

/* Begin XCBuildConfiguration section */
		E2E7B7E11E9317B4003AF0FF /* Debug */ = {
			isa = XCBuildConfiguration;
			buildSettings = {
				ALWAYS_SEARCH_USER_PATHS = NO;
				CLANG_CXX_LANGUAGE_STANDARD = "gnu++0x";
				CLANG_CXX_LIBRARY = "libc++";
				CLANG_ENABLE_MODULES = YES;
				CLANG_ENABLE_OBJC_ARC = YES;
				CLANG_WARN_BOOL_CONVERSION = YES;
				CLANG_WARN_CONSTANT_CONVERSION = YES;
				CLANG_WARN_DIRECT_OBJC_ISA_USAGE = YES_ERROR;
				CLANG_WARN_EMPTY_BODY = YES;
				CLANG_WARN_ENUM_CONVERSION = YES;
				CLANG_WARN_INT_CONVERSION = YES;
				CLANG_WARN_OBJC_ROOT_CLASS = YES_ERROR;
				CLANG_WARN_UNREACHABLE_CODE = YES;
				CLANG_WARN__DUPLICATE_METHOD_MATCH = YES;
				CODE_SIGN_IDENTITY = "-";
				COPY_PHASE_STRIP = NO;
				DEBUG_INFORMATION_FORMAT = dwarf;
				ENABLE_STRICT_OBJC_MSGSEND = YES;
				ENABLE_TESTABILITY = YES;
				GCC_C_LANGUAGE_STANDARD = gnu99;
				GCC_DYNAMIC_NO_PIC = NO;
				GCC_NO_COMMON_BLOCKS = YES;
				GCC_OPTIMIZATION_LEVEL = 0;
				GCC_PREPROCESSOR_DEFINITIONS = (
					"DEBUG=1",
					"$(inherited)",
				);
				GCC_WARN_64_TO_32_BIT_CONVERSION = YES;
				GCC_WARN_ABOUT_RETURN_TYPE = YES_ERROR;
				GCC_WARN_UNDECLARED_SELECTOR = YES;
				GCC_WARN_UNINITIALIZED_AUTOS = YES_AGGRESSIVE;
				GCC_WARN_UNUSED_FUNCTION = YES;
				GCC_WARN_UNUSED_VARIABLE = YES;
				MACOSX_DEPLOYMENT_TARGET = 10.11;
				MTL_ENABLE_DEBUG_INFO = YES;
				ONLY_ACTIVE_ARCH = YES;
				SDKROOT = macosx;
			};
			name = Debug;
		};
		E2E7B7E21E9317B4003AF0FF /* Release */ = {
			isa = XCBuildConfiguration;
			buildSettings = {
				ALWAYS_SEARCH_USER_PATHS = NO;
				CLANG_CXX_LANGUAGE_STANDARD = "gnu++0x";
				CLANG_CXX_LIBRARY = "libc++";
				CLANG_ENABLE_MODULES = YES;
				CLANG_ENABLE_OBJC_ARC = YES;
				CLANG_WARN_BOOL_CONVERSION = YES;
				CLANG_WARN_CONSTANT_CONVERSION = YES;
				CLANG_WARN_DIRECT_OBJC_ISA_USAGE = YES_ERROR;
				CLANG_WARN_EMPTY_BODY = YES;
				CLANG_WARN_ENUM_CONVERSION = YES;
				CLANG_WARN_INT_CONVERSION = YES;
				CLANG_WARN_OBJC_ROOT_CLASS = YES_ERROR;
				CLANG_WARN_UNREACHABLE_CODE = YES;
				CLANG_WARN__DUPLICATE_METHOD_MATCH = YES;
				CODE_SIGN_IDENTITY = "-";
				COPY_PHASE_STRIP = NO;
				DEBUG_INFORMATION_FORMAT = "dwarf-with-dsym";
				ENABLE_NS_ASSERTIONS = NO;
				ENABLE_STRICT_OBJC_MSGSEND = YES;
				GCC_C_LANGUAGE_STANDARD = gnu99;
				GCC_NO_COMMON_BLOCKS = YES;
				GCC_WARN_64_TO_32_BIT_CONVERSION = YES;
				GCC_WARN_ABOUT_RETURN_TYPE = YES_ERROR;
				GCC_WARN_UNDECLARED_SELECTOR = YES;
				GCC_WARN_UNINITIALIZED_AUTOS = YES_AGGRESSIVE;
				GCC_WARN_UNUSED_FUNCTION = YES;
				GCC_WARN_UNUSED_VARIABLE = YES;
				MACOSX_DEPLOYMENT_TARGET = 10.11;
				MTL_ENABLE_DEBUG_INFO = NO;
				SDKROOT = macosx;
			};
			name = Release;
		};
		E2E7B7E41E9317B4003AF0FF /* Debug */ = {
			isa = XCBuildConfiguration;
			buildSettings = {
				PRODUCT_NAME = "$(TARGET_NAME)";
			};
			name = Debug;
		};
		E2E7B7E51E9317B4003AF0FF /* Release */ = {
			isa = XCBuildConfiguration;
			buildSettings = {
				PRODUCT_NAME = "$(TARGET_NAME)";
			};
			name = Release;
		};
/* End XCBuildConfiguration section */

/* Begin XCConfigurationList section */
		E2E7B7D71E9317B4003AF0FF /* Build configuration list for PBXProject "kruskal_mst" */ = {
			isa = XCConfigurationList;
			buildConfigurations = (
				E2E7B7E11E9317B4003AF0FF /* Debug */,
				E2E7B7E21E9317B4003AF0FF /* Release */,
			);
			defaultConfigurationIsVisible = 0;
			defaultConfigurationName = Release;
		};
		E2E7B7E31E9317B4003AF0FF /* Build configuration list for PBXNativeTarget "kruskal_mst" */ = {
			isa = XCConfigurationList;
			buildConfigurations = (
				E2E7B7E41E9317B4003AF0FF /* Debug */,
				E2E7B7E51E9317B4003AF0FF /* Release */,
			);
			defaultConfigurationIsVisible = 0;
		};
/* End XCConfigurationList section */
	};
	rootObject = E2E7B7D41E9317B4003AF0FF /* Project object */;
}
